
Microsoft Visual Studio Solution File, Format Version 12.00
# Visual Studio Version 17
VisualStudioVersion = 17.14.36915.13 d17.14
MinimumVisualStudioVersion = 10.0.40219.1
Project("{8BC9CEB8-8B4A-11D0-8D11-00A0C91BC942}") = "Movensys_Project_260130", "Movensys_Project_260130\Movensys_Project_260130.vcxproj", "{D94D299C-BC68-414C-9FDA-A6D7281D2A51}"
EndProject
Global
	GlobalSection(SolutionConfigurationPlatforms) = preSolution
		Debug|x64 = Debug|x64
		Debug|x86 = Debug|x86
		Release|x64 = Release|x64
		Release|x86 = Release|x86
	EndGlobalSection
	GlobalSection(ProjectConfigurationPlatforms) = postSolution
		{D94D299C-BC68-414C-9FDA-A6D7281D2A51}.Debug|x64.ActiveCfg = Debug|x64
		{D94D299C-BC68-414C-9FDA-A6D7281D2A51}.Debug|x64.Build.0 = Debug|x64
		{D94D299C-BC68-414C-9FDA-A6D7281D2A51}.Debug|x86.ActiveCfg = Debug|Win32
		{D94D299C-BC68-414C-9FDA-A6D7281D2A51}.Debug|x86.Build.0 = Debug|Win32
		{D94D299C-BC68-414C-9FDA-A6D7281D2A51}.Release|x64.ActiveCfg = Release|x64
		{D94D299C-BC68-414C-9FDA-A6D7281D2A51}.Release|x64.Build.0 = Release|x64
		{D94D299C-BC68-414C-9FDA-A6D7281D2A51}.Release|x86.ActiveCfg = Release|Win32
		{D94D299C-BC68-414C-9FDA-A6D7281D2A51}.Release|x86.Build.0 = Release|Win32
	EndGlobalSection
	GlobalSection(SolutionProperties) = preSolution
		HideSolutionNode = FALSE
	EndGlobalSection
	GlobalSection(ExtensibilityGlobals) = postSolution
		SolutionGuid = {D423F9FA-891F-4C23-A80A-3DC45812A952}
	EndGlobalSection
EndGlobal
